
Microsoft Visual Studio Solution File, Format Version 12.00
# Visual Studio Version 16
VisualStudioVersion = 16.0.31005.135
MinimumVisualStudioVersion = 10.0.40219.1
Project("{FAE04EC0-301F-11D3-BF4B-00C04F79EFBC}") = "PayUMoneyTry", "PayUMoneyTry.csproj", "{52EE4BE0-10AB-49AF-ABE8-82BAC7D8F41D}"
EndProject
Global
	GlobalSection(SolutionConfigurationPlatforms) = preSolution
		Debug|Any CPU = Debug|Any CPU
		Release|Any CPU = Release|Any CPU
	EndGlobalSection
	GlobalSection(ProjectConfigurationPlatforms) = postSolution
		{52EE4BE0-10AB-49AF-ABE8-82BAC7D8F41D}.Debug|Any CPU.ActiveCfg = Debug|Any CPU
		{52EE4BE0-10AB-49AF-ABE8-82BAC7D8F41D}.Debug|Any CPU.Build.0 = Debug|Any CPU
		{52EE4BE0-10AB-49AF-ABE8-82BAC7D8F41D}.Release|Any CPU.ActiveCfg = Release|Any CPU
		{52EE4BE0-10AB-49AF-ABE8-82BAC7D8F41D}.Release|Any CPU.Build.0 = Release|Any CPU
	EndGlobalSection
	GlobalSection(SolutionProperties) = preSolution
		HideSolutionNode = FALSE
	EndGlobalSection
	GlobalSection(ExtensibilityGlobals) = postSolution
		SolutionGuid = {8CC2D0A1-58F8-4232-9DDE-4D12A3776814}
	EndGlobalSection
EndGlobal
